
Microsoft Visual Studio Solution File, Format Version 12.00
# Visual Studio Version 16
VisualStudioVersion = 16.0.31702.278
MinimumVisualStudioVersion = 10.0.40219.1
Project("{9A19103F-16F7-4668-BE54-9A1E7A4F7556}") = "TestsTry2", "..\TestsTry2\TestsTry2.csproj", "{27B932FC-9AAD-44B5-AD02-0EDE24AF9854}"
EndProject
Project("{9A19103F-16F7-4668-BE54-9A1E7A4F7556}") = "BasicAuthWebApi", "BasicAuthWebApi.csproj", "{5E98F77A-DEBC-43B0-B785-0695ABCF7865}"
EndProject
Global
	GlobalSection(SolutionConfigurationPlatforms) = preSolution
		Debug|Any CPU = Debug|Any CPU
		Release|Any CPU = Release|Any CPU
	EndGlobalSection
	GlobalSection(ProjectConfigurationPlatforms) = postSolution
		{27B932FC-9AAD-44B5-AD02-0EDE24AF9854}.Debug|Any CPU.ActiveCfg = Debug|Any CPU
		{27B932FC-9AAD-44B5-AD02-0EDE24AF9854}.Debug|Any CPU.Build.0 = Debug|Any CPU
		{27B932FC-9AAD-44B5-AD02-0EDE24AF9854}.Release|Any CPU.ActiveCfg = Release|Any CPU
		{27B932FC-9AAD-44B5-AD02-0EDE24AF9854}.Release|Any CPU.Build.0 = Release|Any CPU
		{5E98F77A-DEBC-43B0-B785-0695ABCF7865}.Debug|Any CPU.ActiveCfg = Debug|Any CPU
		{5E98F77A-DEBC-43B0-B785-0695ABCF7865}.Debug|Any CPU.Build.0 = Debug|Any CPU
		{5E98F77A-DEBC-43B0-B785-0695ABCF7865}.Release|Any CPU.ActiveCfg = Release|Any CPU
		{5E98F77A-DEBC-43B0-B785-0695ABCF7865}.Release|Any CPU.Build.0 = Release|Any CPU
	EndGlobalSection
	GlobalSection(SolutionProperties) = preSolution
		HideSolutionNode = FALSE
	EndGlobalSection
	GlobalSection(ExtensibilityGlobals) = postSolution
		SolutionGuid = {BC3B181C-AC2E-4BDB-9EA1-9C576F586364}
	EndGlobalSection
EndGlobal
